
Microsoft Visual Studio Solution File, Format Version 12.00
# Visual Studio Version 16
VisualStudioVersion = 16.0.31005.135
MinimumVisualStudioVersion = 10.0.40219.1
Project("{FAE04EC0-301F-11D3-BF4B-00C04F79EFBC}") = "SmartHouse.Api", "SmartHouse.Api\SmartHouse.Api.csproj", "{8AE1107D-FD33-4FE0-A608-DB3BE27CC5F0}"
EndProject
Project("{FAE04EC0-301F-11D3-BF4B-00C04F79EFBC}") = "SmartHouse.Shared", "SmartHouse.Shared\SmartHouse.Shared.csproj", "{6592542D-87D6-4468-88FD-B00CD5DCA384}"
EndProject
Project("{FAE04EC0-301F-11D3-BF4B-00C04F79EFBC}") = "SmartHouse.Core", "SmartHouse.Core\SmartHouse.Core.csproj", "{E29B5FD6-C074-47C3-A901-F706FFAF27DC}"
EndProject
Project("{FAE04EC0-301F-11D3-BF4B-00C04F79EFBC}") = "SmartHouse.Infrastructure", "SmartHouse.Infrastructure\SmartHouse.Infrastructure.csproj", "{EBCFC0F0-EB9A-4C38-9159-B6EBF14F7EB6}"
EndProject
Project("{FAE04EC0-301F-11D3-BF4B-00C04F79EFBC}") = "SmartHouse.Email", "SmartHouse.Email\SmartHouse.Email.csproj", "{850DA265-EB46-4765-AA03-DF1488ABA01B}"
EndProject
Global
	GlobalSection(SolutionConfigurationPlatforms) = preSolution
		Debug|Any CPU = Debug|Any CPU
		Release|Any CPU = Release|Any CPU
	EndGlobalSection
	GlobalSection(ProjectConfigurationPlatforms) = postSolution
		{8AE1107D-FD33-4FE0-A608-DB3BE27CC5F0}.Debug|Any CPU.ActiveCfg = Debug|Any CPU
		{8AE1107D-FD33-4FE0-A608-DB3BE27CC5F0}.Debug|Any CPU.Build.0 = Debug|Any CPU
		{8AE1107D-FD33-4FE0-A608-DB3BE27CC5F0}.Release|Any CPU.ActiveCfg = Release|Any CPU
		{8AE1107D-FD33-4FE0-A608-DB3BE27CC5F0}.Release|Any CPU.Build.0 = Release|Any CPU
		{6592542D-87D6-4468-88FD-B00CD5DCA384}.Debug|Any CPU.ActiveCfg = Debug|Any CPU
		{6592542D-87D6-4468-88FD-B00CD5DCA384}.Debug|Any CPU.Build.0 = Debug|Any CPU
		{6592542D-87D6-4468-88FD-B00CD5DCA384}.Release|Any CPU.ActiveCfg = Release|Any CPU
		{6592542D-87D6-4468-88FD-B00CD5DCA384}.Release|Any CPU.Build.0 = Release|Any CPU
		{E29B5FD6-C074-47C3-A901-F706FFAF27DC}.Debug|Any CPU.ActiveCfg = Debug|Any CPU
		{E29B5FD6-C074-47C3-A901-F706FFAF27DC}.Debug|Any CPU.Build.0 = Debug|Any CPU
		{E29B5FD6-C074-47C3-A901-F706FFAF27DC}.Release|Any CPU.ActiveCfg = Release|Any CPU
		{E29B5FD6-C074-47C3-A901-F706FFAF27DC}.Release|Any CPU.Build.0 = Release|Any CPU
		{EBCFC0F0-EB9A-4C38-9159-B6EBF14F7EB6}.Debug|Any CPU.ActiveCfg = Debug|Any CPU
		{EBCFC0F0-EB9A-4C38-9159-B6EBF14F7EB6}.Debug|Any CPU.Build.0 = Debug|Any CPU
		{EBCFC0F0-EB9A-4C38-9159-B6EBF14F7EB6}.Release|Any CPU.ActiveCfg = Release|Any CPU
		{EBCFC0F0-EB9A-4C38-9159-B6EBF14F7EB6}.Release|Any CPU.Build.0 = Release|Any CPU
		{850DA265-EB46-4765-AA03-DF1488ABA01B}.Debug|Any CPU.ActiveCfg = Debug|Any CPU
		{850DA265-EB46-4765-AA03-DF1488ABA01B}.Debug|Any CPU.Build.0 = Debug|Any CPU
		{850DA265-EB46-4765-AA03-DF1488ABA01B}.Release|Any CPU.ActiveCfg = Release|Any CPU
		{850DA265-EB46-4765-AA03-DF1488ABA01B}.Release|Any CPU.Build.0 = Release|Any CPU
	EndGlobalSection
	GlobalSection(SolutionProperties) = preSolution
		HideSolutionNode = FALSE
	EndGlobalSection
	GlobalSection(ExtensibilityGlobals) = postSolution
		SolutionGuid = {F8CEDAF7-DDF4-426D-A45D-B2171E160393}
	EndGlobalSection
EndGlobal
